
Microsoft Visual Studio Solution File, Format Version 12.00
# Visual Studio Version 17
VisualStudioVersion = 17.1.32210.238
MinimumVisualStudioVersion = 10.0.40219.1
Project("{9A19103F-16F7-4668-BE54-9A1E7A4F7556}") = "BankManagement", "BankManagement.csproj", "{08BB36C9-BD1A-444B-9811-D58FEA6DFBF3}"
EndProject
Global
	GlobalSection(SolutionConfigurationPlatforms) = preSolution
		Debug|Any CPU = Debug|Any CPU
		Release|Any CPU = Release|Any CPU
	EndGlobalSection
	GlobalSection(ProjectConfigurationPlatforms) = postSolution
		{08BB36C9-BD1A-444B-9811-D58FEA6DFBF3}.Debug|Any CPU.ActiveCfg = Debug|Any CPU
		{08BB36C9-BD1A-444B-9811-D58FEA6DFBF3}.Debug|Any CPU.Build.0 = Debug|Any CPU
		{08BB36C9-BD1A-444B-9811-D58FEA6DFBF3}.Release|Any CPU.ActiveCfg = Release|Any CPU
		{08BB36C9-BD1A-444B-9811-D58FEA6DFBF3}.Release|Any CPU.Build.0 = Release|Any CPU
	EndGlobalSection
	GlobalSection(SolutionProperties) = preSolution
		HideSolutionNode = FALSE
	EndGlobalSection
	GlobalSection(ExtensibilityGlobals) = postSolution
		SolutionGuid = {A5030D6B-DB6F-4CEE-ACF2-2A555CC76B31}
	EndGlobalSection
EndGlobal
